
Microsoft Visual Studio Solution File, Format Version 12.00
# Visual Studio 15
VisualStudioVersion = 15.0.27130.2036
MinimumVisualStudioVersion = 10.0.40219.1
Project("{9092AA53-FB77-4645-B42D-1CCCA6BD08BD}") = "FancyCars-Webclient", "FancyCars-Webclient\FancyCars-Webclient.njsproj", "{57F6AD2B-7A77-40D4-ADAB-F04D366C750E}"
EndProject
Project("{888888A0-9F3D-457C-B088-3A5042F75D52}") = "FancyCars-API", "FancyCars-API\FancyCars-API.pyproj", "{49099C21-77B4-4CEE-950E-0F031C877F4E}"
EndProject
Global
	GlobalSection(SolutionConfigurationPlatforms) = preSolution
		Debug|Any CPU = Debug|Any CPU
		Release|Any CPU = Release|Any CPU
	EndGlobalSection
	GlobalSection(ProjectConfigurationPlatforms) = postSolution
		{57F6AD2B-7A77-40D4-ADAB-F04D366C750E}.Debug|Any CPU.ActiveCfg = Debug|Any CPU
		{57F6AD2B-7A77-40D4-ADAB-F04D366C750E}.Debug|Any CPU.Build.0 = Debug|Any CPU
		{57F6AD2B-7A77-40D4-ADAB-F04D366C750E}.Release|Any CPU.ActiveCfg = Release|Any CPU
		{57F6AD2B-7A77-40D4-ADAB-F04D366C750E}.Release|Any CPU.Build.0 = Release|Any CPU
		{49099C21-77B4-4CEE-950E-0F031C877F4E}.Debug|Any CPU.ActiveCfg = Debug|Any CPU
		{49099C21-77B4-4CEE-950E-0F031C877F4E}.Debug|Any CPU.Build.0 = Debug|Any CPU
		{49099C21-77B4-4CEE-950E-0F031C877F4E}.Release|Any CPU.ActiveCfg = Release|Any CPU
		{49099C21-77B4-4CEE-950E-0F031C877F4E}.Release|Any CPU.Build.0 = Release|Any CPU
	EndGlobalSection
	GlobalSection(SolutionProperties) = preSolution
		HideSolutionNode = FALSE
	EndGlobalSection
	GlobalSection(ExtensibilityGlobals) = postSolution
		SolutionGuid = {0D5F945C-5FF0-4174-869B-9391F0456A49}
	EndGlobalSection
EndGlobal
